
Microsoft Visual Studio Solution File, Format Version 12.00
# Visual Studio 15
VisualStudioVersion = 15.0.27004.2010
MinimumVisualStudioVersion = 10.0.40219.1
Project("{FAE04EC0-301F-11D3-BF4B-00C04F79EFBC}") = "ControleFinanceiro", "ControleFinanceiro\ControleFinanceiro.csproj", "{1EEFBB77-E8D0-4029-ABD3-887B9B3A31DD}"
EndProject
Global
	GlobalSection(SolutionConfigurationPlatforms) = preSolution
		Debug|Any CPU = Debug|Any CPU
		Release|Any CPU = Release|Any CPU
	EndGlobalSection
	GlobalSection(ProjectConfigurationPlatforms) = postSolution
		{1EEFBB77-E8D0-4029-ABD3-887B9B3A31DD}.Debug|Any CPU.ActiveCfg = Debug|Any CPU
		{1EEFBB77-E8D0-4029-ABD3-887B9B3A31DD}.Debug|Any CPU.Build.0 = Debug|Any CPU
		{1EEFBB77-E8D0-4029-ABD3-887B9B3A31DD}.Release|Any CPU.ActiveCfg = Release|Any CPU
		{1EEFBB77-E8D0-4029-ABD3-887B9B3A31DD}.Release|Any CPU.Build.0 = Release|Any CPU
	EndGlobalSection
	GlobalSection(SolutionProperties) = preSolution
		HideSolutionNode = FALSE
	EndGlobalSection
	GlobalSection(ExtensibilityGlobals) = postSolution
		SolutionGuid = {396C01B9-271A-497D-AD70-ADD5F82DC966}
	EndGlobalSection
EndGlobal
